
Microsoft Visual Studio Solution File, Format Version 12.00
# Visual Studio 15
VisualStudioVersion = 15.0.27703.2042
MinimumVisualStudioVersion = 10.0.40219.1
Project("{FAE04EC0-301F-11D3-BF4B-00C04F79EFBC}") = "HackbotFB", "HackbotFB\HackbotFB.csproj", "{10F3CB55-FA46-4D66-BF48-484C14CD8FDA}"
EndProject
Project("{FAE04EC0-301F-11D3-BF4B-00C04F79EFBC}") = "HackbotDialogflow", "HackbotDialogflow\HackbotDialogflow.csproj", "{50A24909-55B8-48FA-8530-209FC7D2E3F0}"
EndProject
Project("{FAE04EC0-301F-11D3-BF4B-00C04F79EFBC}") = "DialogFlow", "DialogFlow\DialogFlow.csproj", "{B5FA437F-AE21-435B-9245-645AD89B5947}"
EndProject
Project("{9A19103F-16F7-4668-BE54-9A1E7A4F7556}") = "chat", "chat\chat.csproj", "{870108B1-68E5-4F63-968D-1529D665EDBD}"
EndProject
Global
	GlobalSection(SolutionConfigurationPlatforms) = preSolution
		Debug|Any CPU = Debug|Any CPU
		Release|Any CPU = Release|Any CPU
	EndGlobalSection
	GlobalSection(ProjectConfigurationPlatforms) = postSolution
		{10F3CB55-FA46-4D66-BF48-484C14CD8FDA}.Debug|Any CPU.ActiveCfg = Debug|Any CPU
		{10F3CB55-FA46-4D66-BF48-484C14CD8FDA}.Debug|Any CPU.Build.0 = Debug|Any CPU
		{10F3CB55-FA46-4D66-BF48-484C14CD8FDA}.Release|Any CPU.ActiveCfg = Release|Any CPU
		{10F3CB55-FA46-4D66-BF48-484C14CD8FDA}.Release|Any CPU.Build.0 = Release|Any CPU
		{50A24909-55B8-48FA-8530-209FC7D2E3F0}.Debug|Any CPU.ActiveCfg = Debug|Any CPU
		{50A24909-55B8-48FA-8530-209FC7D2E3F0}.Debug|Any CPU.Build.0 = Debug|Any CPU
		{50A24909-55B8-48FA-8530-209FC7D2E3F0}.Release|Any CPU.ActiveCfg = Release|Any CPU
		{50A24909-55B8-48FA-8530-209FC7D2E3F0}.Release|Any CPU.Build.0 = Release|Any CPU
		{B5FA437F-AE21-435B-9245-645AD89B5947}.Debug|Any CPU.ActiveCfg = Debug|Any CPU
		{B5FA437F-AE21-435B-9245-645AD89B5947}.Debug|Any CPU.Build.0 = Debug|Any CPU
		{B5FA437F-AE21-435B-9245-645AD89B5947}.Release|Any CPU.ActiveCfg = Release|Any CPU
		{B5FA437F-AE21-435B-9245-645AD89B5947}.Release|Any CPU.Build.0 = Release|Any CPU
		{870108B1-68E5-4F63-968D-1529D665EDBD}.Debug|Any CPU.ActiveCfg = Debug|Any CPU
		{870108B1-68E5-4F63-968D-1529D665EDBD}.Debug|Any CPU.Build.0 = Debug|Any CPU
		{870108B1-68E5-4F63-968D-1529D665EDBD}.Release|Any CPU.ActiveCfg = Release|Any CPU
		{870108B1-68E5-4F63-968D-1529D665EDBD}.Release|Any CPU.Build.0 = Release|Any CPU
	EndGlobalSection
	GlobalSection(SolutionProperties) = preSolution
		HideSolutionNode = FALSE
	EndGlobalSection
	GlobalSection(ExtensibilityGlobals) = postSolution
		SolutionGuid = {0CE4FA22-EE61-4163-B24F-6BF76FC92EFD}
	EndGlobalSection
EndGlobal
